
Microsoft Visual Studio Solution File, Format Version 12.00
# Visual Studio 15
VisualStudioVersion = 15.0.28010.2046
MinimumVisualStudioVersion = 10.0.40219.1
Project("{FAE04EC0-301F-11D3-BF4B-00C04F79EFBC}") = "Lottery.UI", "Lottery.UI\Lottery.UI.csproj", "{500C7E41-8E73-44EE-9B7E-AD670F2897FB}"
EndProject
Project("{FAE04EC0-301F-11D3-BF4B-00C04F79EFBC}") = "Lottery.Business", "Lottery.Business\Lottery.Business.csproj", "{90BF2FAB-365D-42EA-9C5F-97776AD22952}"
EndProject
Project("{FAE04EC0-301F-11D3-BF4B-00C04F79EFBC}") = "Lottery.Data", "Lottery.Data\Lottery.Data.csproj", "{91C77592-4DE5-4E73-9425-C6C058D8084F}"
EndProject
Project("{FAE04EC0-301F-11D3-BF4B-00C04F79EFBC}") = "Lottery.Domain", "Lottery.Domain\Lottery.Domain.csproj", "{6C6C3067-30AA-40A2-A4D8-8F6881DAE009}"
EndProject
Project("{FAE04EC0-301F-11D3-BF4B-00C04F79EFBC}") = "Lottery.Tests", "Lottery.Tests\Lottery.Tests.csproj", "{8D61E519-6206-462F-9896-B97AA5F21C1E}"
EndProject
Global
	GlobalSection(SolutionConfigurationPlatforms) = preSolution
		Debug|Any CPU = Debug|Any CPU
		Release|Any CPU = Release|Any CPU
	EndGlobalSection
	GlobalSection(ProjectConfigurationPlatforms) = postSolution
		{500C7E41-8E73-44EE-9B7E-AD670F2897FB}.Debug|Any CPU.ActiveCfg = Debug|Any CPU
		{500C7E41-8E73-44EE-9B7E-AD670F2897FB}.Debug|Any CPU.Build.0 = Debug|Any CPU
		{500C7E41-8E73-44EE-9B7E-AD670F2897FB}.Release|Any CPU.ActiveCfg = Release|Any CPU
		{500C7E41-8E73-44EE-9B7E-AD670F2897FB}.Release|Any CPU.Build.0 = Release|Any CPU
		{90BF2FAB-365D-42EA-9C5F-97776AD22952}.Debug|Any CPU.ActiveCfg = Debug|Any CPU
		{90BF2FAB-365D-42EA-9C5F-97776AD22952}.Debug|Any CPU.Build.0 = Debug|Any CPU
		{90BF2FAB-365D-42EA-9C5F-97776AD22952}.Release|Any CPU.ActiveCfg = Release|Any CPU
		{90BF2FAB-365D-42EA-9C5F-97776AD22952}.Release|Any CPU.Build.0 = Release|Any CPU
		{91C77592-4DE5-4E73-9425-C6C058D8084F}.Debug|Any CPU.ActiveCfg = Debug|Any CPU
		{91C77592-4DE5-4E73-9425-C6C058D8084F}.Debug|Any CPU.Build.0 = Debug|Any CPU
		{91C77592-4DE5-4E73-9425-C6C058D8084F}.Release|Any CPU.ActiveCfg = Release|Any CPU
		{91C77592-4DE5-4E73-9425-C6C058D8084F}.Release|Any CPU.Build.0 = Release|Any CPU
		{6C6C3067-30AA-40A2-A4D8-8F6881DAE009}.Debug|Any CPU.ActiveCfg = Debug|Any CPU
		{6C6C3067-30AA-40A2-A4D8-8F6881DAE009}.Debug|Any CPU.Build.0 = Debug|Any CPU
		{6C6C3067-30AA-40A2-A4D8-8F6881DAE009}.Release|Any CPU.ActiveCfg = Release|Any CPU
		{6C6C3067-30AA-40A2-A4D8-8F6881DAE009}.Release|Any CPU.Build.0 = Release|Any CPU
		{8D61E519-6206-462F-9896-B97AA5F21C1E}.Debug|Any CPU.ActiveCfg = Debug|Any CPU
		{8D61E519-6206-462F-9896-B97AA5F21C1E}.Debug|Any CPU.Build.0 = Debug|Any CPU
		{8D61E519-6206-462F-9896-B97AA5F21C1E}.Release|Any CPU.ActiveCfg = Release|Any CPU
		{8D61E519-6206-462F-9896-B97AA5F21C1E}.Release|Any CPU.Build.0 = Release|Any CPU
	EndGlobalSection
	GlobalSection(SolutionProperties) = preSolution
		HideSolutionNode = FALSE
	EndGlobalSection
	GlobalSection(ExtensibilityGlobals) = postSolution
		SolutionGuid = {8AFD28BD-6572-4F21-908F-9BFB2E9E8E8B}
	EndGlobalSection
EndGlobal
