
Microsoft Visual Studio Solution File, Format Version 12.00
# Visual Studio Version 16
VisualStudioVersion = 16.0.29306.81
MinimumVisualStudioVersion = 10.0.40219.1
Project("{FAE04EC0-301F-11D3-BF4B-00C04F79EFBC}") = "NumberConverter.UI", "NumberConverter.UI\NumberConverter.UI.csproj", "{CA22FCEA-F6A7-4E9A-B5AF-6A7969FAE844}"
EndProject
Project("{FAE04EC0-301F-11D3-BF4B-00C04F79EFBC}") = "NumberConverter.UI.Tests", "NumberConverter.UI.Tests\NumberConverter.UI.Tests.csproj", "{893498AA-F32B-4515-9457-6FBA4ECA4E21}"
EndProject
Project("{FAE04EC0-301F-11D3-BF4B-00C04F79EFBC}") = "Guts.Tests", "Guts.Tests\Guts.Tests.csproj", "{C0C9134C-7CF5-4E50-8A72-CFF4E0DB8041}"
EndProject
Global
	GlobalSection(SolutionConfigurationPlatforms) = preSolution
		Debug|Any CPU = Debug|Any CPU
		Release|Any CPU = Release|Any CPU
	EndGlobalSection
	GlobalSection(ProjectConfigurationPlatforms) = postSolution
		{CA22FCEA-F6A7-4E9A-B5AF-6A7969FAE844}.Debug|Any CPU.ActiveCfg = Debug|Any CPU
		{CA22FCEA-F6A7-4E9A-B5AF-6A7969FAE844}.Debug|Any CPU.Build.0 = Debug|Any CPU
		{CA22FCEA-F6A7-4E9A-B5AF-6A7969FAE844}.Release|Any CPU.ActiveCfg = Release|Any CPU
		{CA22FCEA-F6A7-4E9A-B5AF-6A7969FAE844}.Release|Any CPU.Build.0 = Release|Any CPU
		{893498AA-F32B-4515-9457-6FBA4ECA4E21}.Debug|Any CPU.ActiveCfg = Debug|Any CPU
		{893498AA-F32B-4515-9457-6FBA4ECA4E21}.Debug|Any CPU.Build.0 = Debug|Any CPU
		{893498AA-F32B-4515-9457-6FBA4ECA4E21}.Release|Any CPU.ActiveCfg = Release|Any CPU
		{893498AA-F32B-4515-9457-6FBA4ECA4E21}.Release|Any CPU.Build.0 = Release|Any CPU
		{C0C9134C-7CF5-4E50-8A72-CFF4E0DB8041}.Debug|Any CPU.ActiveCfg = Debug|Any CPU
		{C0C9134C-7CF5-4E50-8A72-CFF4E0DB8041}.Debug|Any CPU.Build.0 = Debug|Any CPU
		{C0C9134C-7CF5-4E50-8A72-CFF4E0DB8041}.Release|Any CPU.ActiveCfg = Release|Any CPU
		{C0C9134C-7CF5-4E50-8A72-CFF4E0DB8041}.Release|Any CPU.Build.0 = Release|Any CPU
	EndGlobalSection
	GlobalSection(SolutionProperties) = preSolution
		HideSolutionNode = FALSE
	EndGlobalSection
	GlobalSection(ExtensibilityGlobals) = postSolution
		SolutionGuid = {36E5E8EE-3A62-4C48-8B6A-B9DB0EF97168}
	EndGlobalSection
EndGlobal
