
Microsoft Visual Studio Solution File, Format Version 12.00
# Visual Studio Version 16
VisualStudioVersion = 16.0.30503.244
MinimumVisualStudioVersion = 10.0.40219.1
Project("{FAE04EC0-301F-11D3-BF4B-00C04F79EFBC}") = "HeroApp.UI", "HeroApp.UI\HeroApp.UI.csproj", "{620BAA7E-FDCF-4A5E-9716-8F4356B6F24A}"
EndProject
Project("{FAE04EC0-301F-11D3-BF4B-00C04F79EFBC}") = "HeroApp.Domain", "HeroApp.Domain\HeroApp.Domain.csproj", "{948ABC9E-3EBA-46CC-B4EC-700BBEC032AF}"
EndProject
Project("{FAE04EC0-301F-11D3-BF4B-00C04F79EFBC}") = "HeroApp.Business", "HeroApp.Business\HeroApp.Business.csproj", "{F47E6D22-DE80-444D-8293-E596047DF162}"
EndProject
Project("{FAE04EC0-301F-11D3-BF4B-00C04F79EFBC}") = "HeroApp.Data", "HeroApp.Data\HeroApp.Data.csproj", "{CA0997B2-CFAA-4E69-9B36-C335C7C2F641}"
EndProject
Project("{FAE04EC0-301F-11D3-BF4B-00C04F79EFBC}") = "HeroApp.Tests", "HeroApp.Tests\HeroApp.Tests.csproj", "{B6881C03-F6BD-407B-AC4A-C597A4ED4B18}"
EndProject
Global
	GlobalSection(SolutionConfigurationPlatforms) = preSolution
		Debug|Any CPU = Debug|Any CPU
		Release|Any CPU = Release|Any CPU
	EndGlobalSection
	GlobalSection(ProjectConfigurationPlatforms) = postSolution
		{620BAA7E-FDCF-4A5E-9716-8F4356B6F24A}.Debug|Any CPU.ActiveCfg = Debug|Any CPU
		{620BAA7E-FDCF-4A5E-9716-8F4356B6F24A}.Debug|Any CPU.Build.0 = Debug|Any CPU
		{620BAA7E-FDCF-4A5E-9716-8F4356B6F24A}.Release|Any CPU.ActiveCfg = Release|Any CPU
		{620BAA7E-FDCF-4A5E-9716-8F4356B6F24A}.Release|Any CPU.Build.0 = Release|Any CPU
		{948ABC9E-3EBA-46CC-B4EC-700BBEC032AF}.Debug|Any CPU.ActiveCfg = Debug|Any CPU
		{948ABC9E-3EBA-46CC-B4EC-700BBEC032AF}.Debug|Any CPU.Build.0 = Debug|Any CPU
		{948ABC9E-3EBA-46CC-B4EC-700BBEC032AF}.Release|Any CPU.ActiveCfg = Release|Any CPU
		{948ABC9E-3EBA-46CC-B4EC-700BBEC032AF}.Release|Any CPU.Build.0 = Release|Any CPU
		{F47E6D22-DE80-444D-8293-E596047DF162}.Debug|Any CPU.ActiveCfg = Debug|Any CPU
		{F47E6D22-DE80-444D-8293-E596047DF162}.Debug|Any CPU.Build.0 = Debug|Any CPU
		{F47E6D22-DE80-444D-8293-E596047DF162}.Release|Any CPU.ActiveCfg = Release|Any CPU
		{F47E6D22-DE80-444D-8293-E596047DF162}.Release|Any CPU.Build.0 = Release|Any CPU
		{CA0997B2-CFAA-4E69-9B36-C335C7C2F641}.Debug|Any CPU.ActiveCfg = Debug|Any CPU
		{CA0997B2-CFAA-4E69-9B36-C335C7C2F641}.Debug|Any CPU.Build.0 = Debug|Any CPU
		{CA0997B2-CFAA-4E69-9B36-C335C7C2F641}.Release|Any CPU.ActiveCfg = Release|Any CPU
		{CA0997B2-CFAA-4E69-9B36-C335C7C2F641}.Release|Any CPU.Build.0 = Release|Any CPU
		{B6881C03-F6BD-407B-AC4A-C597A4ED4B18}.Debug|Any CPU.ActiveCfg = Debug|Any CPU
		{B6881C03-F6BD-407B-AC4A-C597A4ED4B18}.Debug|Any CPU.Build.0 = Debug|Any CPU
		{B6881C03-F6BD-407B-AC4A-C597A4ED4B18}.Release|Any CPU.ActiveCfg = Release|Any CPU
		{B6881C03-F6BD-407B-AC4A-C597A4ED4B18}.Release|Any CPU.Build.0 = Release|Any CPU
	EndGlobalSection
	GlobalSection(SolutionProperties) = preSolution
		HideSolutionNode = FALSE
	EndGlobalSection
	GlobalSection(ExtensibilityGlobals) = postSolution
		SolutionGuid = {89CFF0A5-E101-404E-BEAB-9CEDDED7C086}
	EndGlobalSection
EndGlobal
