
Microsoft Visual Studio Solution File, Format Version 12.00
# Visual Studio 15
VisualStudioVersion = 15.0.28010.2019
MinimumVisualStudioVersion = 10.0.40219.1
Project("{FAE04EC0-301F-11D3-BF4B-00C04F79EFBC}") = "Exercise1", "Exercise1\Exercise1.csproj", "{19F308A9-5DDA-4662-9A7B-E6C75C0FF248}"
EndProject
Project("{FAE04EC0-301F-11D3-BF4B-00C04F79EFBC}") = "Exercise1.Tests", "Exercise1.Tests\Exercise1.Tests.csproj", "{18E855D8-1534-4E4A-82BF-A4BFE14532E5}"
EndProject
Global
	GlobalSection(SolutionConfigurationPlatforms) = preSolution
		Debug|Any CPU = Debug|Any CPU
		Release|Any CPU = Release|Any CPU
	EndGlobalSection
	GlobalSection(ProjectConfigurationPlatforms) = postSolution
		{19F308A9-5DDA-4662-9A7B-E6C75C0FF248}.Debug|Any CPU.ActiveCfg = Debug|Any CPU
		{19F308A9-5DDA-4662-9A7B-E6C75C0FF248}.Debug|Any CPU.Build.0 = Debug|Any CPU
		{19F308A9-5DDA-4662-9A7B-E6C75C0FF248}.Release|Any CPU.ActiveCfg = Release|Any CPU
		{19F308A9-5DDA-4662-9A7B-E6C75C0FF248}.Release|Any CPU.Build.0 = Release|Any CPU
		{18E855D8-1534-4E4A-82BF-A4BFE14532E5}.Debug|Any CPU.ActiveCfg = Debug|Any CPU
		{18E855D8-1534-4E4A-82BF-A4BFE14532E5}.Debug|Any CPU.Build.0 = Debug|Any CPU
		{18E855D8-1534-4E4A-82BF-A4BFE14532E5}.Release|Any CPU.ActiveCfg = Release|Any CPU
		{18E855D8-1534-4E4A-82BF-A4BFE14532E5}.Release|Any CPU.Build.0 = Release|Any CPU
	EndGlobalSection
	GlobalSection(SolutionProperties) = preSolution
		HideSolutionNode = FALSE
	EndGlobalSection
	GlobalSection(ExtensibilityGlobals) = postSolution
		SolutionGuid = {01942485-7551-4728-AB6B-C1E33A351526}
	EndGlobalSection
EndGlobal
