
Microsoft Visual Studio Solution File, Format Version 12.00
# Visual Studio 15
VisualStudioVersion = 15.0.27004.2008
MinimumVisualStudioVersion = 10.0.40219.1
Project("{FAE04EC0-301F-11D3-BF4B-00C04F79EFBC}") = "LinqExamples", "LinqExamples\LinqExamples.csproj", "{F66E3BC3-E33D-4F31-AFD4-BA8E76510954}"
EndProject
Project("{FAE04EC0-301F-11D3-BF4B-00C04F79EFBC}") = "LinqExamples.Tests", "LinqExamples.Tests\LinqExamples.Tests.csproj", "{33C58EF2-2A57-4D3B-84CA-9617AE8D93E3}"
EndProject
Project("{FAE04EC0-301F-11D3-BF4B-00C04F79EFBC}") = "Guts.Tests", "Guts.Tests\Guts.Tests.csproj", "{E92FD28D-0316-4EAF-AE04-FE319BEC2EF9}"
EndProject
Global
	GlobalSection(SolutionConfigurationPlatforms) = preSolution
		Debug|Any CPU = Debug|Any CPU
		Release|Any CPU = Release|Any CPU
	EndGlobalSection
	GlobalSection(ProjectConfigurationPlatforms) = postSolution
		{F66E3BC3-E33D-4F31-AFD4-BA8E76510954}.Debug|Any CPU.ActiveCfg = Debug|Any CPU
		{F66E3BC3-E33D-4F31-AFD4-BA8E76510954}.Debug|Any CPU.Build.0 = Debug|Any CPU
		{F66E3BC3-E33D-4F31-AFD4-BA8E76510954}.Release|Any CPU.ActiveCfg = Release|Any CPU
		{F66E3BC3-E33D-4F31-AFD4-BA8E76510954}.Release|Any CPU.Build.0 = Release|Any CPU
		{33C58EF2-2A57-4D3B-84CA-9617AE8D93E3}.Debug|Any CPU.ActiveCfg = Debug|Any CPU
		{33C58EF2-2A57-4D3B-84CA-9617AE8D93E3}.Debug|Any CPU.Build.0 = Debug|Any CPU
		{33C58EF2-2A57-4D3B-84CA-9617AE8D93E3}.Release|Any CPU.ActiveCfg = Release|Any CPU
		{33C58EF2-2A57-4D3B-84CA-9617AE8D93E3}.Release|Any CPU.Build.0 = Release|Any CPU
		{E92FD28D-0316-4EAF-AE04-FE319BEC2EF9}.Debug|Any CPU.ActiveCfg = Debug|Any CPU
		{E92FD28D-0316-4EAF-AE04-FE319BEC2EF9}.Debug|Any CPU.Build.0 = Debug|Any CPU
		{E92FD28D-0316-4EAF-AE04-FE319BEC2EF9}.Release|Any CPU.ActiveCfg = Release|Any CPU
		{E92FD28D-0316-4EAF-AE04-FE319BEC2EF9}.Release|Any CPU.Build.0 = Release|Any CPU
	EndGlobalSection
	GlobalSection(SolutionProperties) = preSolution
		HideSolutionNode = FALSE
	EndGlobalSection
	GlobalSection(ExtensibilityGlobals) = postSolution
		SolutionGuid = {2C063B3D-E529-496C-93DF-7FD082FC08F0}
	EndGlobalSection
EndGlobal
